
Microsoft Visual Studio Solution File, Format Version 12.00
# Visual Studio Version 17
VisualStudioVersion = 17.14.36127.28 d17.14
MinimumVisualStudioVersion = 10.0.40219.1
Project("{FAE04EC0-301F-11D3-BF4B-00C04F79EFBC}") = "Fantasy Sim", "Fantasy Sim\Fantasy Sim.csproj", "{75553407-A810-4E01-B8EE-40B917BA3A49}"
EndProject
Global
	GlobalSection(SolutionConfigurationPlatforms) = preSolution
		Debug|Any CPU = Debug|Any CPU
		Release|Any CPU = Release|Any CPU
	EndGlobalSection
	GlobalSection(ProjectConfigurationPlatforms) = postSolution
		{75553407-A810-4E01-B8EE-40B917BA3A49}.Debug|Any CPU.ActiveCfg = Debug|Any CPU
		{75553407-A810-4E01-B8EE-40B917BA3A49}.Debug|Any CPU.Build.0 = Debug|Any CPU
		{75553407-A810-4E01-B8EE-40B917BA3A49}.Release|Any CPU.ActiveCfg = Release|Any CPU
		{75553407-A810-4E01-B8EE-40B917BA3A49}.Release|Any CPU.Build.0 = Release|Any CPU
	EndGlobalSection
	GlobalSection(SolutionProperties) = preSolution
		HideSolutionNode = FALSE
	EndGlobalSection
	GlobalSection(ExtensibilityGlobals) = postSolution
		SolutionGuid = {185E74F7-CD3E-4080-A0AB-877A8CBDCD60}
	EndGlobalSection
EndGlobal
